<?xml version="1.0" encoding="utf-8"?>
<Project ToolsVersion="4.0" xmlns="http://schemas.microsoft.com/developer/msbuild/2003">
  <ItemGroup>
    <Filter Include="Source Files">
      <UniqueIdentifier>{4FC737F1-C7A5-4376-A066-2A32D752A2FF}</UniqueIdentifier>
      <Extensions>cpp;c;cc;cxx;def;odl;idl;hpj;bat;asm;asmx</Extensions>
    </Filter>
    <Filter Include="Header Files">
      <UniqueIdentifier>{93995380-89BD-4b04-88EB-625FBE52EBFB}</UniqueIdentifier>
      <Extensions>h;hh;hpp;hxx;hm;inl;inc;xsd</Extensions>
    </Filter>
    <Filter Include="Resource Files">
      <UniqueIdentifier>{67DA6AB6-F800-4c08-8B7A-83BB121AAD01}</UniqueIdentifier>
      <Extensions>rc;ico;cur;bmp;dlg;rc2;rct;bin;rgs;gif;jpg;jpeg;jpe;resx;tiff;tif;png;wav;mfcribbon-ms</Extensions>
    </Filter>
  </ItemGroup>
  <ItemGroup>
    <None Include="DUE_CHGA_BASE_SD_RA8875_TOUCH_ESP8266_RTC_V1.ino.ino" />
    <None Include="BEST_NEW.ino" />
    <None Include="FLASH.ino" />
    <None Include="gk.ino" />
    <None Include="rtc.ino" />
    <None Include="SD_Config_CHGA.ino" />
    <None Include="Serial_debug.ino" />
    <None Include="Settings_Menu.ino" />
    <None Include="TFT.ino" />
    <None Include="Touch2.ino" />
  </ItemGroup>
  <ItemGroup>
    <ClInclude Include="__vm\.DUE_CHGA_BASE_SD_RA8875_TOUCH_ESP8266_RTC_V1.ino.vsarduino.h">
      <Filter>Header Files</Filter>
    </ClInclude>
    <ClInclude Include="All_75_Pic_65K.h">
      <Filter>Header Files</Filter>
    </ClInclude>
    <ClInclude Include="Buttons_handler_CHGA.h">
      <Filter>Header Files</Filter>
    </ClInclude>
    <ClInclude Include="CHGA_Keypad.h">
      <Filter>Header Files</Filter>
    </ClInclude>
    <ClInclude Include="Config.h">
      <Filter>Header Files</Filter>
    </ClInclude>
    <ClInclude Include="keypad.h">
      <Filter>Header Files</Filter>
    </ClInclude>
    <ClInclude Include="Lable_handler_CHGA.h">
      <Filter>Header Files</Filter>
    </ClInclude>
    <ClInclude Include="RGB_Channels_definition.h">
      <Filter>Header Files</Filter>
    </ClInclude>
    <ClInclude Include="RGB_settings_menu.h">
      <Filter>Header Files</Filter>
    </ClInclude>
    <ClInclude Include="Temporary_timers.h">
      <Filter>Header Files</Filter>
    </ClInclude>
    <ClInclude Include="TESTING_EEPROM_HANDLER.h">
      <Filter>Header Files</Filter>
    </ClInclude>
    <ClInclude Include="Test_Menu.h">
      <Filter>Header Files</Filter>
    </ClInclude>
    <ClInclude Include="Timers_definition.h">
      <Filter>Header Files</Filter>
    </ClInclude>
  </ItemGroup>
  <ItemGroup>
    <ClCompile Include="keypad.cpp">
      <Filter>Source Files</Filter>
    </ClCompile>
  </ItemGroup>
</Project>